
Microsoft Visual Studio Solution File, Format Version 12.00
# Visual Studio Version 17
VisualStudioVersion = 17.1.32210.238
MinimumVisualStudioVersion = 10.0.40219.1
Project("{9A19103F-16F7-4668-BE54-9A1E7A4F7556}") = "ChocolateForKonata", "ChocolateForKonata\ChocolateForKonata.csproj", "{6B32671D-2031-46CB-B65D-A73835CBE4D9}"
EndProject
Global
	GlobalSection(SolutionConfigurationPlatforms) = preSolution
		Debug|Any CPU = Debug|Any CPU
		Release|Any CPU = Release|Any CPU
	EndGlobalSection
	GlobalSection(ProjectConfigurationPlatforms) = postSolution
		{6B32671D-2031-46CB-B65D-A73835CBE4D9}.Debug|Any CPU.ActiveCfg = Debug|Any CPU
		{6B32671D-2031-46CB-B65D-A73835CBE4D9}.Debug|Any CPU.Build.0 = Debug|Any CPU
		{6B32671D-2031-46CB-B65D-A73835CBE4D9}.Release|Any CPU.ActiveCfg = Release|Any CPU
		{6B32671D-2031-46CB-B65D-A73835CBE4D9}.Release|Any CPU.Build.0 = Release|Any CPU
	EndGlobalSection
	GlobalSection(SolutionProperties) = preSolution
		HideSolutionNode = FALSE
	EndGlobalSection
	GlobalSection(ExtensibilityGlobals) = postSolution
		SolutionGuid = {10337264-5BE0-4CEB-953B-90920B8651B0}
	EndGlobalSection
EndGlobal
